
Microsoft Visual Studio Solution File, Format Version 12.00
# Visual Studio Version 17
VisualStudioVersion = 17.4.33213.308
MinimumVisualStudioVersion = 10.0.40219.1
Project("{FAE04EC0-301F-11D3-BF4B-00C04F79EFBC}") = "MVC_Application", "MVC_Application\MVC_Application.csproj", "{42F6528A-080B-4FB9-9BFB-450A314B9630}"
EndProject
Global
	GlobalSection(SolutionConfigurationPlatforms) = preSolution
		Debug|Any CPU = Debug|Any CPU
		Release|Any CPU = Release|Any CPU
	EndGlobalSection
	GlobalSection(ProjectConfigurationPlatforms) = postSolution
		{42F6528A-080B-4FB9-9BFB-450A314B9630}.Debug|Any CPU.ActiveCfg = Debug|Any CPU
		{42F6528A-080B-4FB9-9BFB-450A314B9630}.Debug|Any CPU.Build.0 = Debug|Any CPU
		{42F6528A-080B-4FB9-9BFB-450A314B9630}.Release|Any CPU.ActiveCfg = Release|Any CPU
		{42F6528A-080B-4FB9-9BFB-450A314B9630}.Release|Any CPU.Build.0 = Release|Any CPU
	EndGlobalSection
	GlobalSection(SolutionProperties) = preSolution
		HideSolutionNode = FALSE
	EndGlobalSection
	GlobalSection(ExtensibilityGlobals) = postSolution
		SolutionGuid = {48797C79-9E24-400D-9F41-8C10B7FAB055}
	EndGlobalSection
EndGlobal
